
Microsoft Visual Studio Solution File, Format Version 12.00
# Visual Studio Version 16
VisualStudioVersion = 16.0.32602.291
MinimumVisualStudioVersion = 10.0.40219.1
Project("{FAE04EC0-301F-11D3-BF4B-00C04F79EFBC}") = "Task22", "Task22\Task22.csproj", "{F94FC4C7-80E6-4243-94D3-1BB78B1FB261}"
EndProject
Global
	GlobalSection(SolutionConfigurationPlatforms) = preSolution
		Debug|Any CPU = Debug|Any CPU
		Release|Any CPU = Release|Any CPU
	EndGlobalSection
	GlobalSection(ProjectConfigurationPlatforms) = postSolution
		{F94FC4C7-80E6-4243-94D3-1BB78B1FB261}.Debug|Any CPU.ActiveCfg = Debug|Any CPU
		{F94FC4C7-80E6-4243-94D3-1BB78B1FB261}.Debug|Any CPU.Build.0 = Debug|Any CPU
		{F94FC4C7-80E6-4243-94D3-1BB78B1FB261}.Release|Any CPU.ActiveCfg = Release|Any CPU
		{F94FC4C7-80E6-4243-94D3-1BB78B1FB261}.Release|Any CPU.Build.0 = Release|Any CPU
	EndGlobalSection
	GlobalSection(SolutionProperties) = preSolution
		HideSolutionNode = FALSE
	EndGlobalSection
	GlobalSection(ExtensibilityGlobals) = postSolution
		SolutionGuid = {04A97C37-6911-491E-89F0-31097AD93AB7}
	EndGlobalSection
EndGlobal
